
Microsoft Visual Studio Solution File, Format Version 12.00
# Visual Studio 2012
Project("{FAE04EC0-301F-11D3-BF4B-00C04F79EFBC}") = "PlantsVsZombies", "PlantsVsZombies\PlantsVsZombies.csproj", "{9FA05B3B-058F-41B8-B210-D69D7F1285A2}"
EndProject
Project("{FAE04EC0-301F-11D3-BF4B-00C04F79EFBC}") = "SCSEngine", "..\SCSEngine\SCSEngine.csproj", "{FF5C1749-8D12-4541-988B-E2E229B2607C}"
EndProject
Global
	GlobalSection(SolutionConfigurationPlatforms) = preSolution
		Debug|ARM = Debug|ARM
		Debug|x86 = Debug|x86
		Release|ARM = Release|ARM
		Release|x86 = Release|x86
	EndGlobalSection
	GlobalSection(ProjectConfigurationPlatforms) = postSolution
		{9FA05B3B-058F-41B8-B210-D69D7F1285A2}.Debug|ARM.ActiveCfg = Debug|ARM
		{9FA05B3B-058F-41B8-B210-D69D7F1285A2}.Debug|ARM.Build.0 = Debug|ARM
		{9FA05B3B-058F-41B8-B210-D69D7F1285A2}.Debug|ARM.Deploy.0 = Debug|ARM
		{9FA05B3B-058F-41B8-B210-D69D7F1285A2}.Debug|x86.ActiveCfg = Debug|x86
		{9FA05B3B-058F-41B8-B210-D69D7F1285A2}.Debug|x86.Build.0 = Debug|x86
		{9FA05B3B-058F-41B8-B210-D69D7F1285A2}.Debug|x86.Deploy.0 = Debug|x86
		{9FA05B3B-058F-41B8-B210-D69D7F1285A2}.Release|ARM.ActiveCfg = Release|ARM
		{9FA05B3B-058F-41B8-B210-D69D7F1285A2}.Release|ARM.Build.0 = Release|ARM
		{9FA05B3B-058F-41B8-B210-D69D7F1285A2}.Release|ARM.Deploy.0 = Release|ARM
		{9FA05B3B-058F-41B8-B210-D69D7F1285A2}.Release|x86.ActiveCfg = Release|x86
		{9FA05B3B-058F-41B8-B210-D69D7F1285A2}.Release|x86.Build.0 = Release|x86
		{9FA05B3B-058F-41B8-B210-D69D7F1285A2}.Release|x86.Deploy.0 = Release|x86
		{FF5C1749-8D12-4541-988B-E2E229B2607C}.Debug|ARM.ActiveCfg = Debug|ARM
		{FF5C1749-8D12-4541-988B-E2E229B2607C}.Debug|ARM.Build.0 = Debug|ARM
		{FF5C1749-8D12-4541-988B-E2E229B2607C}.Debug|ARM.Deploy.0 = Debug|ARM
		{FF5C1749-8D12-4541-988B-E2E229B2607C}.Debug|x86.ActiveCfg = Debug|x86
		{FF5C1749-8D12-4541-988B-E2E229B2607C}.Debug|x86.Build.0 = Debug|x86
		{FF5C1749-8D12-4541-988B-E2E229B2607C}.Debug|x86.Deploy.0 = Debug|x86
		{FF5C1749-8D12-4541-988B-E2E229B2607C}.Release|ARM.ActiveCfg = Release|ARM
		{FF5C1749-8D12-4541-988B-E2E229B2607C}.Release|ARM.Build.0 = Release|ARM
		{FF5C1749-8D12-4541-988B-E2E229B2607C}.Release|ARM.Deploy.0 = Release|ARM
		{FF5C1749-8D12-4541-988B-E2E229B2607C}.Release|x86.ActiveCfg = Release|x86
		{FF5C1749-8D12-4541-988B-E2E229B2607C}.Release|x86.Build.0 = Release|x86
		{FF5C1749-8D12-4541-988B-E2E229B2607C}.Release|x86.Deploy.0 = Release|x86
	EndGlobalSection
	GlobalSection(SolutionProperties) = preSolution
		HideSolutionNode = FALSE
	EndGlobalSection
EndGlobal
