
Microsoft Visual Studio Solution File, Format Version 11.00
# Visual Studio 2010
Project("{FAE04EC0-301F-11D3-BF4B-00C04F79EFBC}") = "Test", "Test\Test\Test.csproj", "{E1A283E7-C922-4C7C-BC70-E7949685090D}"
EndProject
Project("{96E2B04D-8817-42C6-938A-82C39BA4D311}") = "TestContent", "Test\TestContent\TestContent.contentproj", "{6651F923-CE58-44E7-9AAC-8EA70D87356E}"
EndProject
Global
	GlobalSection(SolutionConfigurationPlatforms) = preSolution
		Debug|x86 = Debug|x86
		Release|x86 = Release|x86
	EndGlobalSection
	GlobalSection(ProjectConfigurationPlatforms) = postSolution
		{E1A283E7-C922-4C7C-BC70-E7949685090D}.Debug|x86.ActiveCfg = Debug|x86
		{E1A283E7-C922-4C7C-BC70-E7949685090D}.Debug|x86.Build.0 = Debug|x86
		{E1A283E7-C922-4C7C-BC70-E7949685090D}.Release|x86.ActiveCfg = Release|x86
		{E1A283E7-C922-4C7C-BC70-E7949685090D}.Release|x86.Build.0 = Release|x86
		{6651F923-CE58-44E7-9AAC-8EA70D87356E}.Debug|x86.ActiveCfg = Debug|x86
		{6651F923-CE58-44E7-9AAC-8EA70D87356E}.Release|x86.ActiveCfg = Release|x86
	EndGlobalSection
	GlobalSection(SolutionProperties) = preSolution
		HideSolutionNode = FALSE
	EndGlobalSection
EndGlobal
